schema: '2.0'
stages:
  samenvoegen:
    cmd: uv run python notebooks/samenvoegen_modellen.py
    deps:
    - path: data/AaenMaas/modellen/AaenMaas_dynamic_model
      hash: md5
      md5: 1e5134066c13eed17e408345b3e3be5b.dir
      size: 59744467
      nfiles: 2
    - path: data/Rijkswaterstaat/modellen/hws_transient
      hash: md5
      md5: 38daf50cffe4d593375a5af02897f1ab.dir
      size: 42664118
      nfiles: 2
    outs:
    - path: data/Rijkswaterstaat/modellen/lhm_parts
      hash: md5
      md5: 3f33d99728724c393a23a46a10453b28.dir
      size: 103313865
      nfiles: 3
  aa_en_maas:
    cmd:
    - uv run python notebooks/aa_en_maas/01_fix_model.py
    - uv run python notebooks/aa_en_maas/02_prepare_model.py
    - uv run python notebooks/aa_en_maas/03_parameterize_model.py
    - uv run python notebooks/aa_en_maas/04_add_full_control.py
    - uv run python notebooks/05_add_bergend.py AaenMaas
    - uv run python notebooks/07_add_dynamic_forcing.py AaenMaas
    deps:
    - path: notebooks/aa_en_maas
      hash: md5
      md5: 03a56c56dd64a355aaf76d7a7e8a8c30.dir
      size: 76175
      nfiles: 5
    outs:
    - path: data/AaenMaas/modellen/AaenMaas_dynamic_model
      hash: md5
      md5: f5a34515367218d82561eea532759084.dir
      size: 45449642
      nfiles: 4
  noorderzijlvest:
    cmd:
    - uv run python notebooks/noorderzijlvest/01_fix_model.py
    - uv run python notebooks/noorderzijlvest/02_prepare_model.py
    - uv run python notebooks/noorderzijlvest/03_parameterize_model.py
    - uv run python notebooks/noorderzijlvest/04_add_full_control.py
    - uv run python notebooks/05_add_bergend.py Noorderzijlvest
    - uv run python notebooks/07_add_dynamic_forcing.py Noorderzijlvest
    deps:
    - path: notebooks/noorderzijlvest
      hash: md5
      md5: beffe6c38fc061ae88a298257847c645.dir
      size: 416902015
      nfiles: 64
    outs:
    - path: data/Noorderzijlvest/modellen/Noorderzijlvest_dynamic_model
      hash: md5
      md5: 5763cc7d49d2dd21f1cb48919482c2a5.dir
      size: 814275769
      nfiles: 38
  stichtse_rijnlanden:
    cmd:
    - uv run python notebooks/stichtse_rijnlanden/01_fix_model.py
    - uv run python notebooks/stichtse_rijnlanden/02_prepare_model.py
    - uv run python notebooks/stichtse_rijnlanden/03_parameterize_model.py
    - uv run python notebooks/stichtse_rijnlanden/04_add_full_control.py
    - uv run python notebooks/05_add_bergend.py StichtseRijnlanden
    - uv run python notebooks/07_add_dynamic_forcing.py StichtseRijnlanden
    deps:
    - path: notebooks/stichtse_rijnlanden
      hash: md5
      md5: 81b7a1413fa4680ed13cf4497553a429.dir
      size: 13012959
      nfiles: 8
    outs:
    - path: data/StichtseRijnlanden/modellen/StichtseRijnlanden_dynamic_model
      hash: md5
      md5: 0ef8b1082b8d98d68da0a65cfc664460.dir
      size: 692331237
      nfiles: 38
  bathymetry:
    cmd: uv run python notebooks/rijkswaterstaat/1_bathymetrie.py
    deps:
    - path: notebooks/rijkswaterstaat/1_bathymetrie.py
      hash: md5
      md5: 779225d29bd3078d2dffadf95a8b85e7
      size: 7212
    outs:
    - path: data/Rijkswaterstaat/verwerkt/bathymetrie
      hash: md5
      md5: a0535db0cef0342e088189db921f7e68.dir
      size: 587513735
      nfiles: 4
  rijkswaterstaat:
    cmd:
    - uv run python notebooks/rijkswaterstaat/2_basins.py
    - uv run python notebooks/rijkswaterstaat/3_netwerk.py
    - uv run python notebooks/rijkswaterstaat/4_kunstwerken.py
    - uv run python notebooks/rijkswaterstaat/5_model_netwerk.py
    - uv run python notebooks/rijkswaterstaat/6_model_sturing.py
    - uv run python notebooks/rijkswaterstaat/7_model_onttrekkingen.py
    - uv run python notebooks/rijkswaterstaat/8a_update_state.py
    - uv run python notebooks/rijkswaterstaat/8b_update_bc.py
    deps:
    - path: data/Rijkswaterstaat/verwerkt/bathymetrie
      hash: md5
      md5: a0535db0cef0342e088189db921f7e68.dir
      size: 587513735
      nfiles: 4
    - path: notebooks/rijkswaterstaat
      hash: md5
      md5: df8cb92b9f3880637cbd1ec65ec185bb.dir
      size: 94889
      nfiles: 13
    outs:
    - path: data/Rijkswaterstaat/modellen/hws_transient
      hash: md5
      md5: 38daf50cffe4d593375a5af02897f1ab.dir
      size: 42664118
      nfiles: 2
  rijn_en_ijssel:
    cmd:
    - uv run python notebooks/rijn_en_ijssel/01_fix_model.py
    - uv run python notebooks/rijn_en_ijssel/02_prepare_model.py
    - uv run python notebooks/rijn_en_ijssel/03_parameterize_model.py
    - uv run python notebooks/rijn_en_ijssel/04_add_full_control.py
    - uv run python notebooks/05_add_bergend.py RijnenIJssel
    - uv run python notebooks/07_add_dynamic_forcing.py RijnenIJssel
    deps:
    - path: data/Rijkswaterstaat/modellen/rwzi
      hash: md5
      md5: 18ace1cf5984acb585efc3bf7e680d42.dir
      size: 22462646
      nfiles: 2
    - path: notebooks/rijn_en_ijssel
      hash: md5
      md5: b4909f6b2389bc18951e3b8dc61c6337.dir
      size: 27544
      nfiles: 4
    outs:
    - path: data/RijnenIJssel/modellen/RijnenIJssel_dynamic_model
      hash: md5
      md5: 5ac3126a3b89eb93ef22679f9f6240d4.dir
      size: 25469712
      nfiles: 4
  vechtstromen:
    cmd:
    - uv run python notebooks/vechtstromen/01_fix_model.py
    - uv run python notebooks/vechtstromen/02_prepare_model.py
    - uv run python notebooks/vechtstromen/03_parameterize_model.py
    - uv run python notebooks/vechtstromen/04_add_full_control.py
    - uv run python notebooks/05_add_bergend.py Vechtstromen
    - uv run python notebooks/07_add_dynamic_forcing.py Vechtstromen
    deps:
    - path: data/Rijkswaterstaat/modellen/rwzi
      hash: md5
      md5: 18ace1cf5984acb585efc3bf7e680d42.dir
      size: 22462646
      nfiles: 2
    - path: notebooks/vechtstromen
      hash: md5
      md5: 259415edff063e7f4975da4484ad6ca0.dir
      size: 81720
      nfiles: 4
    outs:
    - path: data/Vechtstromen/modellen/Vechtstromen_dynamic_model
      hash: md5
      md5: 53bda3a5826a43f6c24000076f31ee04.dir
      size: 68153792
      nfiles: 4
  de_dommel:
    cmd:
    - uv run python notebooks/de_dommel/01_fix_model.py
    - uv run python notebooks/de_dommel/02_prepare_model.py
    - uv run python notebooks/de_dommel/03_parameterize_model.py
    - uv run python notebooks/de_dommel/04_add_full_control.py
    - uv run python notebooks/05_add_bergend.py DeDommel
    - uv run python notebooks/07_add_dynamic_forcing.py DeDommel
    deps:
    - path: notebooks/de_dommel
      hash: md5
      md5: b6ffa137ef70ea3ad605e14a34cf0542.dir
      size: 57564
      nfiles: 8
    outs:
    - path: data/DeDommel/modellen/DeDommel_dynamic_model
      hash: md5
      md5: c5b0a63b78a91d3d22387367b7684eee.dir
      size: 1169238456
      nfiles: 38
  brabantse_delta:
    cmd:
    - uv run python notebooks/brabantse_delta/_preprocess_profielen.py
    - uv run python notebooks/brabantse_delta/01_fix_model.py
    - uv run python notebooks/brabantse_delta/02_prepare_model.py
    - uv run python notebooks/brabantse_delta/03_parameterize_model.py
    - uv run python notebooks/brabantse_delta/04_add_full_control.py
    - uv run python notebooks/05_add_bergend.py BrabantseDelta
    - uv run python notebooks/07_add_dynamic_forcing.py BrabantseDelta
    deps:
    - path: notebooks/brabantse_delta
      hash: md5
      md5: e1cbf482583fad7d9d022c4314cb2ded.dir
      size: 11069687205
      nfiles: 15
    outs:
    - path: data/BrabantseDelta/modellen/BrabantseDelta_dynamic_model
      hash: md5
      md5: 9856f508a3bbb801ec6a5a03d87ec99e.dir
      size: 1171721143
      nfiles: 38
  drents_overijsselse_delta:
    cmd:
    - uv run python notebooks/drents_overijsselse_delta/01_fix_model.py
    - uv run python notebooks/drents_overijsselse_delta/02_prepare_model.py
    - uv run python notebooks/drents_overijsselse_delta/03_parameterize_model.py
    - uv run python notebooks/drents_overijsselse_delta/04_add_full_control.py
    - uv run python notebooks/05_add_bergend.py DrentsOverijsselseDelta
    - uv run python notebooks/07_add_dynamic_forcing.py DrentsOverijsselseDelta
    deps:
    - path: notebooks/drents_overijsselse_delta
      hash: md5
      md5: 5c4a27b0ca734a87246dcf643399be14.dir
      size: 49966
      nfiles: 5
    outs:
    - path:
        data/DrentsOverijsselseDelta/modellen/DrentsOverijsselseDelta_dynamic_model
      hash: md5
      md5: b5fd87d6c4bfd0f46a50ca1e32e22127.dir
      size: 872917278
      nfiles: 38
  vallei_en_veluwe:
    cmd:
    - uv run python notebooks/vallei_en_veluwe/01_fix_model.py
    - uv run python notebooks/vallei_en_veluwe/02_prepare_model.py
    - uv run python notebooks/vallei_en_veluwe/03_parameterize_model.py
    - uv run python notebooks/vallei_en_veluwe/04_add_full_control.py
    - uv run python notebooks/05_add_bergend.py ValleienVeluwe
    - uv run python notebooks/07_add_dynamic_forcing.py ValleienVeluwe
    deps:
    - path: data/Rijkswaterstaat/modellen/rwzi
      hash: md5
      md5: 18ace1cf5984acb585efc3bf7e680d42.dir
      size: 22462646
      nfiles: 2
    - path: notebooks/vallei_en_veluwe
      hash: md5
      md5: ca5be377c0605b728919ec6494a044da.dir
      size: 64198
      nfiles: 4
    outs:
    - path: data/ValleienVeluwe/modellen/ValleienVeluwe_dynamic_model
      hash: md5
      md5: f6279dc2a817ba5c009a6080f8c90797.dir
      size: 54199560
      nfiles: 4
  limburg:
    cmd:
    - uv run python notebooks/limburg/_preprocess_profielen.py
    - uv run python notebooks/limburg/01_fix_model.py
    - uv run python notebooks/limburg/02_prepare_model.py
    - uv run python notebooks/limburg/03_parameterize_model.py
    - uv run python notebooks/limburg/04_add_full_control.py
    - uv run python notebooks/05_add_bergend.py Limburg
    - uv run python notebooks/07_add_dynamic_forcing.py Limburg
    deps:
    - path: notebooks/limburg
      hash: md5
      md5: d7aebe6e2b81c3831c2517e067c35023.dir
      size: 58715
      nfiles: 6
    outs:
    - path: data/Limburg/modellen/Limburg_dynamic_model
      hash: md5
      md5: 148658b9b87340c8d04504d5aedde476.dir
      size: 97562835
      nfiles: 2
  hunze_en_aas:
    cmd:
    - uv run python notebooks/hunze_en_aas/01_fix_model.py
    - uv run python notebooks/hunze_en_aas/02_prepare_model.py
    - uv run python notebooks/hunze_en_aas/03_parameterize_model.py
    - uv run python notebooks/hunze_en_aas/04_add_full_control.py
    - uv run python notebooks/05_add_bergend.py HunzeenAas
    - uv run python notebooks/07_add_dynamic_forcing.py HunzeenAas
    deps:
    - path: notebooks/hunze_en_aas
      hash: md5
      md5: cd787302dfb0da078dba09baa030d082.dir
      size: 698294672
      nfiles: 42
    outs:
    - path: data/HunzeenAas/modellen/HunzeenAas_dynamic_model
      hash: md5
      md5: 72d974a777b6f343012f908114e99c17.dir
      size: 793990335
      nfiles: 38
  koppelen:
    cmd: uv run python notebooks/koppelen_modellen.py
    deps:
    - path: data/Rijkswaterstaat/modellen/lhm_parts
      hash: md5
      md5: 3f33d99728724c393a23a46a10453b28.dir
      size: 103313865
      nfiles: 3
    outs:
    - path: data/Rijkswaterstaat/modellen/lhm_coupled
      hash: md5
      md5: fe91857fc25f27aa4b91efcda28fd8c1.dir
      size: 80756923
      nfiles: 4
  rwzi:
    cmd: uv run python notebooks/create_rwzi_model.py
    deps:
    - path: notebooks/create_rwzi_model.py
      hash: md5
      md5: d142e7e08aba857b382fcf708ecda708
      size: 20111
    outs:
    - path: data/Rijkswaterstaat/modellen/rwzi
      hash: md5
      md5: 18ace1cf5984acb585efc3bf7e680d42.dir
      size: 22462646
      nfiles: 2
