schema: '2.0'
stages:
  samenvoegen:
    cmd: uv run notebooks/samenvoegen_modellen.py
    deps:
    - path: data/AaenMaas/modellen/AaenMaas_dynamic_model
      hash: md5
      md5: 14f91191c8c457b255d9dea7123e75f6.dir
      size: 45449608
      nfiles: 4
    - path: data/BrabantseDelta/modellen/BrabantseDelta_dynamic_model
      hash: md5
      md5: 3e15a223e8f7387e2fdacbe1b26bfa82.dir
      size: 64379616
      nfiles: 4
    - path: data/DeDommel/modellen/DeDommel_dynamic_model
      hash: md5
      md5: 76ac05a03052c21d12950729ec333041.dir
      size: 70474400
      nfiles: 4
    - path:
        data/DrentsOverijsselseDelta/modellen/DrentsOverijsselseDelta_dynamic_model
      hash: md5
      md5: c0f2c64154a9389ec4f93682f9a0fea0.dir
      size: 40101392
      nfiles: 4
    - path: data/HunzeenAas/modellen/HunzeenAas_dynamic_model
      hash: md5
      md5: 84b483b78fd6b2d32d1e1bdc32b40fa5.dir
      size: 32792336
      nfiles: 4
    - path: data/Limburg/modellen/Limburg_dynamic_model
      hash: md5
      md5: 20a655a6a2cb4bd9ca4e73e99b48f434.dir
      size: 76539760
      nfiles: 4
    - path: data/Noorderzijlvest/modellen/Noorderzijlvest_dynamic_model
      hash: md5
      md5: 55ed49e9f4118e1e7745b939a31fab38.dir
      size: 43779488
      nfiles: 4
    - path: data/Rijkswaterstaat/modellen/hws_transient
      hash: md5
      md5: 1f5f9fec3504d16bff8f3767dde2db63.dir
      size: 48750774
      nfiles: 2
    - path: data/RijnenIJssel/modellen/RijnenIJssel_dynamic_model
      hash: md5
      md5: d1d05ad723462b706b016400226003a0.dir
      size: 25469712
      nfiles: 4
    - path: data/StichtseRijnlanden/modellen/StichtseRijnlanden_dynamic_model
      hash: md5
      md5: 5f611a079776b6ccc35935ca512b5626.dir
      size: 45958192
      nfiles: 4
    - path: data/ValleienVeluwe/modellen/ValleienVeluwe_dynamic_model
      hash: md5
      md5: a03b1e589cfba4ffb8f49ee3073bbe29.dir
      size: 54199560
      nfiles: 4
    - path: data/Vechtstromen/modellen/Vechtstromen_dynamic_model
      hash: md5
      md5: 94ffe4a359297878349de50f4be1590e.dir
      size: 68153792
      nfiles: 4
    outs:
    - path: data/Rijkswaterstaat/modellen/lhm_parts
      hash: md5
      md5: 56b17e993ceea69654a82dcca037aa48.dir
      size: 797286582
      nfiles: 2
  aa_en_maas:
    cmd:
    - uv run notebooks/aa_en_maas/01_fix_model.py
    - uv run notebooks/aa_en_maas/02_prepare_model.py
    - uv run notebooks/aa_en_maas/03_parameterize_model.py
    - uv run notebooks/aa_en_maas/04_add_full_control.py
    - uv run notebooks/05_add_bergend.py AaenMaas
    - uv run notebooks/07_add_dynamic_forcing.py AaenMaas
    deps:
    - path: data/Rijkswaterstaat/modellen/rwzi
      hash: md5
      md5: 18ace1cf5984acb585efc3bf7e680d42.dir
      size: 22462646
      nfiles: 2
    - path: notebooks/aa_en_maas
      hash: md5
      md5: d881195348405d199d06012a42120f22.dir
      size: 75077
      nfiles: 5
    outs:
    - path: data/AaenMaas/modellen/AaenMaas_dynamic_model
      hash: md5
      md5: 14f91191c8c457b255d9dea7123e75f6.dir
      size: 45449608
      nfiles: 4
  noorderzijlvest:
    cmd:
    - uv run notebooks/noorderzijlvest/01_fix_model.py
    - uv run notebooks/noorderzijlvest/02_prepare_model.py
    - uv run notebooks/noorderzijlvest/03_parameterize_model.py
    - uv run notebooks/noorderzijlvest/04_add_full_control.py
    - uv run notebooks/05_add_bergend.py Noorderzijlvest
    - uv run notebooks/07_add_dynamic_forcing.py Noorderzijlvest
    deps:
    - path: data/Rijkswaterstaat/modellen/rwzi
      hash: md5
      md5: 18ace1cf5984acb585efc3bf7e680d42.dir
      size: 22462646
      nfiles: 2
    - path: notebooks/noorderzijlvest
      hash: md5
      md5: 2caa57339655afdbae09cf79971c5e44.dir
      size: 32175
      nfiles: 4
    outs:
    - path: data/Noorderzijlvest/modellen/Noorderzijlvest_dynamic_model
      hash: md5
      md5: 55ed49e9f4118e1e7745b939a31fab38.dir
      size: 43779488
      nfiles: 4
  stichtse_rijnlanden:
    cmd:
    - uv run notebooks/stichtse_rijnlanden/01_fix_model.py
    - uv run notebooks/stichtse_rijnlanden/02_prepare_model.py
    - uv run notebooks/stichtse_rijnlanden/03_parameterize_model.py
    - uv run notebooks/stichtse_rijnlanden/04_add_full_control.py
    - uv run notebooks/05_add_bergend.py StichtseRijnlanden
    - uv run notebooks/07_add_dynamic_forcing.py StichtseRijnlanden
    deps:
    - path: data/Rijkswaterstaat/modellen/rwzi
      hash: md5
      md5: 18ace1cf5984acb585efc3bf7e680d42.dir
      size: 22462646
      nfiles: 2
    - path: notebooks/stichtse_rijnlanden
      hash: md5
      md5: 03303b5554233e0567f214e29b312126.dir
      size: 62659
      nfiles: 4
    outs:
    - path: data/StichtseRijnlanden/modellen/StichtseRijnlanden_dynamic_model
      hash: md5
      md5: 5f611a079776b6ccc35935ca512b5626.dir
      size: 45958192
      nfiles: 4
  bathymetry:
    cmd: uv run notebooks/rijkswaterstaat/1_bathymetrie.py
    deps:
    - path: notebooks/rijkswaterstaat/1_bathymetrie.py
      hash: md5
      md5: 779225d29bd3078d2dffadf95a8b85e7
      size: 7212
    outs:
    - path: data/Rijkswaterstaat/verwerkt/bathymetrie
      hash: md5
      md5: a0535db0cef0342e088189db921f7e68.dir
      size: 587513735
      nfiles: 4
  rijkswaterstaat:
    cmd:
    - uv run notebooks/rijkswaterstaat/2_basins.py
    - uv run notebooks/rijkswaterstaat/3_netwerk.py
    - uv run notebooks/rijkswaterstaat/4_kunstwerken.py
    - uv run notebooks/rijkswaterstaat/5_model_netwerk.py
    - uv run notebooks/rijkswaterstaat/6_model_sturing.py
    - uv run notebooks/rijkswaterstaat/7_model_onttrekkingen.py
    - uv run notebooks/rijkswaterstaat/8a_update_state.py
    - uv run notebooks/rijkswaterstaat/8b_update_bc.py
    deps:
    - path: data/Rijkswaterstaat/modellen/rwzi
      hash: md5
      md5: 18ace1cf5984acb585efc3bf7e680d42.dir
      size: 22462646
      nfiles: 2
    - path: data/Rijkswaterstaat/verwerkt/bathymetrie
      hash: md5
      md5: a0535db0cef0342e088189db921f7e68.dir
      size: 587513735
      nfiles: 4
    - path: notebooks/rijkswaterstaat
      hash: md5
      md5: 60dd96e84afed3fbc10a4c346c90eead.dir
      size: 94974
      nfiles: 13
    outs:
    - path: data/Rijkswaterstaat/modellen/hws_transient
      hash: md5
      md5: 1f5f9fec3504d16bff8f3767dde2db63.dir
      size: 48750774
      nfiles: 2
  rijn_en_ijssel:
    cmd:
    - uv run notebooks/rijn_en_ijssel/01_fix_model.py
    - uv run notebooks/rijn_en_ijssel/02_prepare_model.py
    - uv run notebooks/rijn_en_ijssel/03_parameterize_model.py
    - uv run notebooks/rijn_en_ijssel/04_add_full_control.py
    - uv run notebooks/05_add_bergend.py RijnenIJssel
    - uv run notebooks/07_add_dynamic_forcing.py RijnenIJssel
    deps:
    - path: data/Rijkswaterstaat/modellen/rwzi
      hash: md5
      md5: 18ace1cf5984acb585efc3bf7e680d42.dir
      size: 22462646
      nfiles: 2
    - path: notebooks/rijn_en_ijssel
      hash: md5
      md5: b4909f6b2389bc18951e3b8dc61c6337.dir
      size: 27544
      nfiles: 4
    outs:
    - path: data/RijnenIJssel/modellen/RijnenIJssel_dynamic_model
      hash: md5
      md5: d1d05ad723462b706b016400226003a0.dir
      size: 25469712
      nfiles: 4
  vechtstromen:
    cmd:
    - uv run notebooks/vechtstromen/01_fix_model.py
    - uv run notebooks/vechtstromen/02_prepare_model.py
    - uv run notebooks/vechtstromen/03_parameterize_model.py
    - uv run notebooks/vechtstromen/04_add_full_control.py
    - uv run notebooks/05_add_bergend.py Vechtstromen
    - uv run notebooks/07_add_dynamic_forcing.py Vechtstromen
    deps:
    - path: data/Rijkswaterstaat/modellen/rwzi
      hash: md5
      md5: 18ace1cf5984acb585efc3bf7e680d42.dir
      size: 22462646
      nfiles: 2
    - path: notebooks/vechtstromen
      hash: md5
      md5: b124460276aa2eed200516aa34a39ef5.dir
      size: 79619
      nfiles: 4
    outs:
    - path: data/Vechtstromen/modellen/Vechtstromen_dynamic_model
      hash: md5
      md5: 94ffe4a359297878349de50f4be1590e.dir
      size: 68153792
      nfiles: 4
  de_dommel:
    cmd:
    - uv run notebooks/de_dommel/01_fix_model.py
    - uv run notebooks/de_dommel/02_prepare_model.py
    - uv run notebooks/de_dommel/03_parameterize_model.py
    - uv run notebooks/de_dommel/04_add_full_control.py
    - uv run notebooks/05_add_bergend.py DeDommel
    - uv run notebooks/07_add_dynamic_forcing.py DeDommel
    deps:
    - path: data/Rijkswaterstaat/modellen/rwzi
      hash: md5
      md5: 18ace1cf5984acb585efc3bf7e680d42.dir
      size: 22462646
      nfiles: 2
    - path: notebooks/de_dommel
      hash: md5
      md5: 06aeefbe7b7d064bec19a606f4ca4087.dir
      size: 56976
      nfiles: 8
    outs:
    - path: data/DeDommel/modellen/DeDommel_dynamic_model
      hash: md5
      md5: 76ac05a03052c21d12950729ec333041.dir
      size: 70474400
      nfiles: 4
  brabantse_delta:
    cmd:
    - uv run notebooks/brabantse_delta/_preprocess_profielen.py
    - uv run notebooks/brabantse_delta/01_fix_model.py
    - uv run notebooks/brabantse_delta/02_prepare_model.py
    - uv run notebooks/brabantse_delta/03_parameterize_model.py
    - uv run notebooks/brabantse_delta/04_add_full_control.py
    - uv run notebooks/05_add_bergend.py BrabantseDelta
    - uv run notebooks/07_add_dynamic_forcing.py BrabantseDelta
    deps:
    - path: data/Rijkswaterstaat/modellen/rwzi
      hash: md5
      md5: 18ace1cf5984acb585efc3bf7e680d42.dir
      size: 22462646
      nfiles: 2
    - path: notebooks/brabantse_delta
      hash: md5
      md5: a8edee13bf18f6d0906ced448339b434.dir
      size: 57626
      nfiles: 6
    outs:
    - path: data/BrabantseDelta/modellen/BrabantseDelta_dynamic_model
      hash: md5
      md5: 3e15a223e8f7387e2fdacbe1b26bfa82.dir
      size: 64379616
      nfiles: 4
  drents_overijsselse_delta:
    cmd:
    - uv run notebooks/drents_overijsselse_delta/01_fix_model.py
    - uv run notebooks/drents_overijsselse_delta/02_prepare_model.py
    - uv run notebooks/drents_overijsselse_delta/03_parameterize_model.py
    - uv run notebooks/drents_overijsselse_delta/04_add_full_control.py
    - uv run notebooks/05_add_bergend.py DrentsOverijsselseDelta
    - uv run notebooks/07_add_dynamic_forcing.py DrentsOverijsselseDelta
    deps:
    - path: data/Rijkswaterstaat/modellen/rwzi
      hash: md5
      md5: 18ace1cf5984acb585efc3bf7e680d42.dir
      size: 22462646
      nfiles: 2
    - path: notebooks/drents_overijsselse_delta
      hash: md5
      md5: 8828059de59c8eb471a32307b7735807.dir
      size: 50451
      nfiles: 4
    outs:
    - path:
        data/DrentsOverijsselseDelta/modellen/DrentsOverijsselseDelta_dynamic_model
      hash: md5
      md5: c0f2c64154a9389ec4f93682f9a0fea0.dir
      size: 40101392
      nfiles: 4
  vallei_en_veluwe:
    cmd:
    - uv run notebooks/vallei_en_veluwe/01_fix_model.py
    - uv run notebooks/vallei_en_veluwe/02_prepare_model.py
    - uv run notebooks/vallei_en_veluwe/03_parameterize_model.py
    - uv run notebooks/vallei_en_veluwe/04_add_full_control.py
    - uv run notebooks/05_add_bergend.py ValleienVeluwe
    - uv run notebooks/07_add_dynamic_forcing.py ValleienVeluwe
    deps:
    - path: data/Rijkswaterstaat/modellen/rwzi
      hash: md5
      md5: 18ace1cf5984acb585efc3bf7e680d42.dir
      size: 22462646
      nfiles: 2
    - path: notebooks/vallei_en_veluwe
      hash: md5
      md5: 101d32f890cb21e87fd61fc60d3ec109.dir
      size: 64086
      nfiles: 4
    outs:
    - path: data/ValleienVeluwe/modellen/ValleienVeluwe_dynamic_model
      hash: md5
      md5: a03b1e589cfba4ffb8f49ee3073bbe29.dir
      size: 54199560
      nfiles: 4
  limburg:
    cmd:
    - uv run notebooks/limburg/_preprocess_profielen.py
    - uv run notebooks/limburg/01_fix_model.py
    - uv run notebooks/limburg/02_prepare_model.py
    - uv run notebooks/limburg/03_parameterize_model.py
    - uv run notebooks/limburg/04_add_full_control.py
    - uv run notebooks/05_add_bergend.py Limburg
    - uv run notebooks/07_add_dynamic_forcing.py Limburg
    deps:
    - path: data/Rijkswaterstaat/modellen/rwzi
      hash: md5
      md5: 18ace1cf5984acb585efc3bf7e680d42.dir
      size: 22462646
      nfiles: 2
    - path: notebooks/limburg
      hash: md5
      md5: e43be2e8a640c09f10e1666d92e05a20.dir
      size: 57775
      nfiles: 5
    outs:
    - path: data/Limburg/modellen/Limburg_dynamic_model
      hash: md5
      md5: 20a655a6a2cb4bd9ca4e73e99b48f434.dir
      size: 76539760
      nfiles: 4
  hunze_en_aas:
    cmd:
    - uv run notebooks/hunze_en_aas/01_fix_model.py
    - uv run notebooks/hunze_en_aas/02_prepare_model.py
    - uv run notebooks/hunze_en_aas/03_parameterize_model.py
    - uv run notebooks/hunze_en_aas/04_add_full_control.py
    - uv run notebooks/05_add_bergend.py HunzeenAas
    - uv run notebooks/07_add_dynamic_forcing.py HunzeenAas
    deps:
    - path: data/Rijkswaterstaat/modellen/rwzi
      hash: md5
      md5: 18ace1cf5984acb585efc3bf7e680d42.dir
      size: 22462646
      nfiles: 2
    - path: notebooks/hunze_en_aas
      hash: md5
      md5: e3d4b617d65b5ecf509b80cc5b0e7ce3.dir
      size: 36695
      nfiles: 5
    outs:
    - path: data/HunzeenAas/modellen/HunzeenAas_dynamic_model
      hash: md5
      md5: 84b483b78fd6b2d32d1e1bdc32b40fa5.dir
      size: 32792336
      nfiles: 4
  koppelen:
    cmd: uv run notebooks/koppelen_modellen.py
    deps:
    - path: data/Rijkswaterstaat/modellen/lhm_parts
      hash: md5
      md5: 56b17e993ceea69654a82dcca037aa48.dir
      size: 797286582
      nfiles: 2
    outs:
    - path: data/Rijkswaterstaat/modellen/lhm_coupled
      hash: md5
      md5: 1ae76d740571c78bc79570b883d7114e.dir
      size: 551502555
      nfiles: 4
  rwzi:
    cmd: uv run notebooks/create_rwzi_model.py
    deps:
    - path: notebooks/create_rwzi_model.py
      hash: md5
      md5: b99e6708f6a4e8e74af8aff5c3275836
      size: 20134
    outs:
    - path: data/Rijkswaterstaat/modellen/rwzi
      hash: md5
      md5: 18ace1cf5984acb585efc3bf7e680d42.dir
      size: 22462646
      nfiles: 2
  delfland:
    cmd: uv run src/peilbeheerst_model/Parametrize/Delfland_parametrize.py
    deps:
    - path: src/peilbeheerst_model/Parametrize/Delfland_parametrize.py
      hash: md5
      md5: fd7c47213b7f6f0186c3e8f0c60feb25
      size: 19288
    outs:
    - path: data/Delfland/modellen/Delfland_parameterized
      hash: md5
      md5: 48947d01d0e63bb1b5d4f524a8cc9fd0.dir
      size: 10902489
      nfiles: 3
